{
  "name": "bitburner-scripts",
  "lockfileVersion": 3,
  "requires": true,
  "packages": {
    "": {
      "name": "bitburner-scripts",
      "dependencies": {
        "pi-bitburner-bridge": "file:../pi-bitburner-bridge"
      }
    },
    "../pi-bitburner-bridge": {
      "version": "0.1.0",
      "dependencies": {
        "ws": "^8.18.0"
      },
      "devDependencies": {
        "@types/node": "^24.0.0",
        "@types/ws": "^8.5.13",
        "tsx": "^4.19.2",
        "typescript": "^5.7.2"
      },
      "peerDependencies": {
        "@mariozechner/pi-ai": "*",
        "@mariozechner/pi-coding-agent": "*"
      },
      "peerDependenciesMeta": {
        "@mariozechner/pi-ai": {
          "optional": true
        },
        "@mariozechner/pi-coding-agent": {
          "optional": true
        }
      }
    },
    "node_modules/pi-bitburner-bridge": {
      "resolved": "../pi-bitburner-bridge",
      "link": true
    }
  }
}
